
Microsoft Visual Studio Solution File, Format Version 12.00
Project("{FAE04EC0-301F-11D3-BF4B-00C04F79EFBC}") = "WebApp", "WebApp\WebApp.csproj", "{5CE910B9-A602-4442-93D0-30E4B5FB0300}"
EndProject
Global
	GlobalSection(SolutionConfigurationPlatforms) = preSolution
		Debug|Any CPU = Debug|Any CPU
		Release|Any CPU = Release|Any CPU
	EndGlobalSection
	GlobalSection(ProjectConfigurationPlatforms) = postSolution
		{5CE910B9-A602-4442-93D0-30E4B5FB0300}.Debug|Any CPU.ActiveCfg = Debug|Any CPU
		{5CE910B9-A602-4442-93D0-30E4B5FB0300}.Debug|Any CPU.Build.0 = Debug|Any CPU
		{5CE910B9-A602-4442-93D0-30E4B5FB0300}.Release|Any CPU.ActiveCfg = Release|Any CPU
		{5CE910B9-A602-4442-93D0-30E4B5FB0300}.Release|Any CPU.Build.0 = Release|Any CPU
	EndGlobalSection
EndGlobal
